{"format_version":"1.0","provider_schemas":{"registry.terraform.io/azure/azapi":{"provider":{"version":0,"block":{"attributes":{"auxiliary_tenant_ids":{"type":["list","string"],"description":"List of auxiliary Tenant IDs required for multi-tenancy and cross-tenant scenarios. This can also be sourced from the `ARM_AUXILIARY_TENANT_IDS` Environment Variable.","description_kind":"markdown","optional":true},"client_certificate":{"type":"string","description":"A base64-encoded PKCS#12 bundle to be used as the client certificate for authentication. This can also be sourced from the `ARM_CLIENT_CERTIFICATE` environment variable.","description_kind":"markdown","optional":true},"client_certificate_password":{"type":"string","description":"The password associated with the Client Certificate. This can also be sourced from the `ARM_CLIENT_CERTIFICATE_PASSWORD` Environment Variable.","description_kind":"markdown","optional":true},"client_certificate_path":{"type":"string","description":"The path to the Client Certificate associated with the Service Principal which should be used. This can also be sourced from the `ARM_CLIENT_CERTIFICATE_PATH` Environment Variable.","description_kind":"markdown","optional":true},"client_id":{"type":"string","description":"The Client ID which should be used. This can also be sourced from the `ARM_CLIENT_ID`, `AZURE_CLIENT_ID` Environment Variable.","description_kind":"markdown","optional":true},"client_id_file_path":{"type":"string","description":"The path to a file containing the Client ID which should be used. This can also be sourced from the `ARM_CLIENT_ID_FILE_PATH` Environment Variable.","description_kind":"markdown","optional":true},"client_secret":{"type":"string","description":"The Client Secret which should be used. This can also be sourced from the `ARM_CLIENT_SECRET` Environment Variable.","description_kind":"markdown","optional":true},"client_secret_file_path":{"type":"string","description":"The path to a file containing the Client Secret which should be used. For use When authenticating as a Service Principal using a Client Secret. This can also be sourced from the `ARM_CLIENT_SECRET_FILE_PATH` Environment Variable.","description_kind":"markdown","optional":true},"custom_correlation_request_id":{"type":"string","description":"The value of the `x-ms-correlation-request-id` header, otherwise an auto-generated UUID will be used. This can also be sourced from the `ARM_CORRELATION_REQUEST_ID` environment variable.","description_kind":"markdown","optional":true},"default_location":{"type":"string","description":" The default Azure Region where the azure resource should exist. The `location` in each resource block can override the `default_location`. Changing this forces new resources to be created.","description_kind":"markdown","optional":true},"default_name":{"type":"string","description":"The default name to create the azure resource. The `name` in each resource block can override the `default_name`. Changing this forces new resources to be created.","description_kind":"markdown","optional":true},"default_tags":{"type":["map","string"],"description":"A mapping of tags which should be assigned to the azure resource as default tags. The`tags` in each resource block can override the `default_tags`.","description_kind":"markdown","optional":true},"disable_correlation_request_id":{"type":"bool","description":"This will disable the x-ms-correlation-request-id header.","description_kind":"markdown","optional":true},"disable_default_output":{"type":"bool","description":"Disable default output. The default is false. When set to false, the provider will output the read-only properties if `response_export_values` is not specified in the resource block. When set to true, the provider will disable this output. This can also be sourced from the `ARM_DISABLE_DEFAULT_OUTPUT` Environment Variable.","description_kind":"plain","optional":true},"disable_instance_discovery":{"type":"bool","description":"Disables Instance Discovery, which validates that the Authority is valid and known by the Microsoft Entra instance metadata service at `https://login.microsoft.com` before authenticating. This should only be enabled when the configured authority is known to be valid and trustworthy - such as when running against Azure Stack or when `environment` is set to `custom`. This can also be specified via the `ARM_DISABLE_INSTANCE_DISCOVERY` environment variable. Defaults to `false`.","description_kind":"markdown","optional":true},"disable_terraform_partner_id":{"type":"bool","description":"Disable sending the Terraform Partner ID if a custom `partner_id` isn't specified, which allows Microsoft to better understand the usage of Terraform. The Partner ID does not give HashiCorp any direct access to usage information. This can also be sourced from the `ARM_DISABLE_TERRAFORM_PARTNER_ID` environment variable. Defaults to `false`.","description_kind":"markdown","optional":true},"enable_preflight":{"type":"bool","description":"Enable Preflight Validation. The default is false. When set to true, the provider will use Preflight to do static validation before really deploying a new resource. When set to false, the provider will disable this validation. This can also be sourced from the `ARM_ENABLE_PREFLIGHT` Environment Variable.","description_kind":"plain","optional":true},"endpoint":{"nested_type":{"attributes":{"active_directory_authority_host":{"type":"string","description":"The Azure Active Directory login endpoint to use. This can also be sourced from the `ARM_ACTIVE_DIRECTORY_AUTHORITY_HOST` Environment Variable. Defaults to `https://login.microsoftonline.com/` for public cloud.","description_kind":"markdown","optional":true},"resource_manager_audience":{"type":"string","description":"The resource ID to obtain AD tokens for. This can also be sourced from the `ARM_RESOURCE_MANAGER_AUDIENCE` Environment Variable. Defaults to `https://management.core.windows.net/` for public cloud.","description_kind":"markdown","optional":true},"resource_manager_endpoint":{"type":"string","description":"The Azure Resource Manager endpoint to use. This can also be sourced from the `ARM_RESOURCE_MANAGER_ENDPOINT` Environment Variable. Defaults to `https://management.azure.com/` for public cloud.","description_kind":"markdown","optional":true}},"nesting_mode":"list"},"description":"The Azure API Endpoint Configuration.","description_kind":"markdown","optional":true},"environment":{"type":"string","description":"The Cloud Environment which should be used. Possible values are `public`, `usgovernment`, `china` and `custom`. Defaults to `public`. This can also be sourced from the `ARM_ENVIRONMENT` Environment Variable.","description_kind":"markdown","optional":true},"ignore_no_op_changes":{"type":"bool","description":"Ignore no-op changes for `azapi_resource`. The default is true. When set to true, the provider will suppress changes in the `azapi_resource` if the `body` in the new API version still matches the remote state. When set to false, the provider will not suppress these changes. This can also be sourced from the `ARM_IGNORE_NO_OP_CHANGES` Environment Variable.","description_kind":"plain","optional":true},"maximum_busy_retry_attempts":{"type":"number","description":"DEPRECATED - The maximum number of retries to attempt if the Azure API returns an HTTP 408, 429, 500, 502, 503, or 504 response. The default is `32767`, this allows the provider to rely on the resource timeout values rather than a maximum retry count. The resource-specific retry configuration may additionally be used to retry on other errors and conditions. This property will be removed in a future version.","description_kind":"markdown","optional":true},"oidc_azure_service_connection_id":{"type":"string","description":"The Azure Pipelines Service Connection ID to use for authentication. This can also be sourced from the `ARM_ADO_PIPELINE_SERVICE_CONNECTION_ID`, `ARM_OIDC_AZURE_SERVICE_CONNECTION_ID`, or `AZURESUBSCRIPTION_SERVICE_CONNECTION_ID` Environment Variables.","description_kind":"markdown","optional":true},"oidc_request_token":{"type":"string","description":"The bearer token for the request to the OIDC provider. This can also be sourced from the `ARM_OIDC_REQUEST_TOKEN`, `ACTIONS_ID_TOKEN_REQUEST_TOKEN`, or `SYSTEM_ACCESSTOKEN` Environment Variables.","description_kind":"markdown","optional":true},"oidc_request_url":{"type":"string","description":"The URL for the OIDC provider from which to request an ID token. This can also be sourced from the `ARM_OIDC_REQUEST_URL`, `ACTIONS_ID_TOKEN_REQUEST_URL`, or `SYSTEM_OIDCREQUESTURI` Environment Variables.","description_kind":"markdown","optional":true},"oidc_token":{"type":"string","description":"The ID token when authenticating using OpenID Connect (OIDC). This can also be sourced from the `ARM_OIDC_TOKEN` environment Variable.","description_kind":"markdown","optional":true},"oidc_token_file_path":{"type":"string","description":"The path to a file containing an ID token when authenticating using OpenID Connect (OIDC). This can also be sourced from the `ARM_OIDC_TOKEN_FILE_PATH`, `AZURE_FEDERATED_TOKEN_FILE` environment Variable.","description_kind":"markdown","optional":true},"partner_id":{"type":"string","description":"A GUID/UUID that is [registered](https://docs.microsoft.com/azure/marketplace/azure-partner-customer-usage-attribution#register-guids-and-offers) with Microsoft to facilitate partner resource usage attribution. This can also be sourced from the `ARM_PARTNER_ID` Environment Variable.","description_kind":"markdown","optional":true},"skip_provider_registration":{"type":"bool","description":"Should the Provider skip registering the Resource Providers it supports? This can also be sourced from the `ARM_SKIP_PROVIDER_REGISTRATION` Environment Variable. Defaults to `false`.","description_kind":"markdown","optional":true},"subscription_id":{"type":"string","description":"The Subscription ID which should be used. This can also be sourced from the `ARM_SUBSCRIPTION_ID` Environment Variable.","description_kind":"markdown","optional":true},"tenant_id":{"type":"string","description":"The Tenant ID should be used. This can also be sourced from the `ARM_TENANT_ID` Environment Variable.","description_kind":"markdown","optional":true},"use_aks_workload_identity":{"type":"bool","description":"Should AKS Workload Identity be used for Authentication? This can also be sourced from the `ARM_USE_AKS_WORKLOAD_IDENTITY` Environment Variable. Defaults to `false`. When set, `client_id`, `tenant_id` and `oidc_token_file_path` will be detected from the environment and do not need to be specified.","description_kind":"markdown","optional":true},"use_cli":{"type":"bool","description":"Should Azure CLI be used for authentication? This can also be sourced from the `ARM_USE_CLI` environment variable. Defaults to `true`.","description_kind":"markdown","optional":true},"use_msi":{"type":"bool","description":"Should Managed Identity be used for Authentication? This can also be sourced from the `ARM_USE_MSI` Environment Variable. Defaults to `false`.","description_kind":"markdown","optional":true},"use_oidc":{"type":"bool","description":"Should OIDC be used for Authentication? This can also be sourced from the `ARM_USE_OIDC` Environment Variable. Defaults to `false`.","description_kind":"markdown","optional":true}},"description":"The Azure API Provider","description_kind":"plain"}},"resource_schemas":{"azapi_data_plane_resource":{"version":2,"block":{"attributes":{"body":{"type":"dynamic","description":"A dynamic attribute that contains the request body.","description_kind":"markdown","optional":true,"computed":true},"create_headers":{"type":["map","string"],"description":"A mapping of headers to be sent with the create request.","description_kind":"markdown","optional":true},"create_query_parameters":{"type":["map",["list","string"]],"description":"A mapping of query parameters to be sent with the create request.","description_kind":"markdown","optional":true},"delete_headers":{"type":["map","string"],"description":"A mapping of headers to be sent with the delete request.","description_kind":"markdown","optional":true},"delete_query_parameters":{"type":["map",["list","string"]],"description":"A mapping of query parameters to be sent with the delete request.","description_kind":"markdown","optional":true},"id":{"type":"string","description":"The ID of the Azure resource.","description_kind":"markdown","computed":true},"ignore_casing":{"type":"bool","description":"A dynamic attribute that contains the request body.","description_kind":"markdown","optional":true,"computed":true},"ignore_missing_property":{"type":"bool","description":"Whether ignore not returned properties like credentials in `body` to suppress plan-diff. Defaults to `true`. It's recommend to enable this option when some sensitive properties are not returned in response body, instead of setting them in `lifecycle.ignore_changes` because it will make the sensitive fields unable to update.","description_kind":"markdown","optional":true,"computed":true},"locks":{"type":["list","string"],"description":"A list of ARM resource IDs which are used to avoid create/modify/delete azapi resources at the same time.","description_kind":"markdown","optional":true},"name":{"type":"string","description":"Specifies the name (identifier segment) of the data plane resource. Changing this forces a new resource to be created.","description_kind":"markdown","optional":true,"computed":true},"output":{"type":"dynamic","description":"The output HCL object containing the properties specified in `response_export_values`. Here are some examples to use the values.\n\n\t```terraform\n\t// it will output \"registry1.azurecr.io\"\n\toutput \"login_server\" {\n\t\tvalue = azapi_data_plane_resource.example.output.properties.loginServer\n\t}\n\n\t// it will output \"disabled\"\n\toutput \"quarantine_policy\" {\n\t\tvalue = azapi_data_plane_resource.example.output.properties.policies.quarantinePolicy.status\n\t}\n\t```\n","description_kind":"markdown","computed":true},"parent_id":{"type":"string","description":"The ID of the azure resource in which this resource is created. Changing this forces a new resource to be created.","description_kind":"markdown","required":true},"read_headers":{"type":["map","string"],"description":"A mapping of headers to be sent with the read request.","description_kind":"markdown","optional":true},"read_query_parameters":{"type":["map",["list","string"]],"description":"A mapping of query parameters to be sent with the read request.","description_kind":"markdown","optional":true},"replace_triggers_external_values":{"type":"dynamic","description":"Will trigger a replace of the resource when the value changes and is not `null`. This can be used by practitioners to force a replace of the resource when certain values change, e.g. changing the SKU of a virtual machine based on the value of variables or locals. The value is a `dynamic`, so practitioners can compose the input however they wish. For a \"break glass\" set the value to `null` to prevent the plan modifier taking effect. \nIf you have `null` values that you do want to be tracked as affecting the resource replacement, include these inside an object. \nAdvanced use cases are possible and resource replacement can be triggered by values external to the resource, for example when a dependent resource changes.\n\ne.g. to replace a resource when either the SKU or os_type attributes change:\n\n```hcl\nresource \"azapi_data_plane_resource\" \"example\" {\n  name = var.name\n  type = \"Microsoft.AppConfiguration/configurationStores/keyValues@1.0\"\n  body = {\n    properties = {\n      sku   = var.sku\n      zones = var.zones\n    }\n  }\n\n  replace_triggers_external_values = [\n    var.sku,\n    var.zones,\n  ]\n}\n```\n","description_kind":"markdown","optional":true},"replace_triggers_refs":{"type":["list","string"],"description":"A list of paths in the current Terraform configuration. When the values at these paths change, the resource will be replaced.","description_kind":"markdown","optional":true},"response_export_values":{"type":"dynamic","description":"The attribute can accept either a list or a map.\n\n- **List**: A list of paths that need to be exported from the response body. Setting it to `[\"*\"]` will export the full response body. Here's an example. If it sets to `[\"properties.loginServer\", \"properties.policies.quarantinePolicy.status\"]`, it will set the following HCL object to the computed property output.\n\n\t```text\n\t{\n\t\tproperties = {\n\t\t\tloginServer = \"registry1.azurecr.io\"\n\t\t\tpolicies = {\n\t\t\t\tquarantinePolicy = {\n\t\t\t\t\tstatus = \"disabled\"\n\t\t\t\t}\n\t\t\t}\n\t\t}\n\t}\n\t```\n\n- **Map**: A map where the key is the name for the result and the value is a JMESPath query string to filter the response. Here's an example. If it sets to `{\"login_server\": \"properties.loginServer\", \"quarantine_status\": \"properties.policies.quarantinePolicy.status\"}`, it will set the following HCL object to the computed property output.\n\n\t```text\n\t{\n\t\t\"login_server\" = \"registry1.azurecr.io\"\n\t\t\"quarantine_status\" = \"disabled\"\n\t}\n\t```\n\nTo learn more about JMESPath, visit [JMESPath](https://jmespath.org/).\n","description_kind":"markdown","optional":true},"retry":{"nested_type":{"attributes":{"error_message_regex":{"type":["list","string"],"description":"A list of regular expressions to match against error messages. If any of the regular expressions match, the request will be retried.","description_kind":"markdown","required":true},"interval_seconds":{"type":"number","description":"The base number of seconds to wait between retries. Default is `10`.","description_kind":"markdown","optional":true,"computed":true},"max_interval_seconds":{"type":"number","description":"The maximum number of seconds to wait between retries. Default is `180`.","description_kind":"markdown","optional":true,"computed":true},"multiplier":{"type":"number","description":"The multiplier to apply to the interval between retries. Default is `1.5`.","description_kind":"markdown","deprecated":true,"optional":true,"computed":true},"randomization_factor":{"type":"number","description":"The randomization factor to apply to the interval between retries. The formula for the randomized interval is: `RetryInterval * (random value in range [1 - RandomizationFactor, 1 + RandomizationFactor])`. Therefore set to zero `0.0` for no randomization. Default is `0.5`.","description_kind":"markdown","deprecated":true,"optional":true,"computed":true}},"nesting_mode":"single"},"description":"The retry object supports the following attributes:","description_kind":"markdown","optional":true},"sensitive_body":{"type":"dynamic","description":"A dynamic attribute that contains the write-only properties of the request body. This will be merge-patched to the body to construct the actual request body.","description_kind":"markdown","optional":true},"sensitive_body_version":{"type":["map","string"],"description":"A map where the key is the path to the property in `sensitive_body` and the value is the version of the property. The key is a string in the format of `path.to.property[index].subproperty`, where `index` is the index of the item in an array. When the version is changed, the property will be included in the request body, otherwise it will be omitted from the request body. ","description_kind":"markdown","optional":true},"type":{"type":"string","description":"In a format like `\u003cresource-type\u003e@\u003capi-version\u003e`. `\u003cresource-type\u003e` is the Azure resource type, for example, `Microsoft.Storage/storageAccounts`. `\u003capi-version\u003e` is version of the API used to manage this azure resource.","description_kind":"markdown","required":true},"update_headers":{"type":["map","string"],"description":"A mapping of headers to be sent with the update request.","description_kind":"markdown","optional":true},"update_query_parameters":{"type":["map",["list","string"]],"description":"A mapping of query parameters to be sent with the update request.","description_kind":"markdown","optional":true}},"block_types":{"timeouts":{"nesting_mode":"single","block":{"attributes":{"create":{"type":"string","description":"A string that can be [parsed as a duration](https://pkg.go.dev/time#ParseDuration) consisting of numbers and unit suffixes, such as \"30s\" or \"2h45m\". Valid time units are \"s\" (seconds), \"m\" (minutes), \"h\" (hours).","description_kind":"plain","optional":true},"delete":{"type":"string","description":"A string that can be [parsed as a duration](https://pkg.go.dev/time#ParseDuration) consisting of numbers and unit suffixes, such as \"30s\" or \"2h45m\". Valid time units are \"s\" (seconds), \"m\" (minutes), \"h\" (hours). Setting a timeout for a Delete operation is only applicable if changes are saved into state before the destroy operation occurs.","description_kind":"plain","optional":true},"read":{"type":"string","description":"A string that can be [parsed as a duration](https://pkg.go.dev/time#ParseDuration) consisting of numbers and unit suffixes, such as \"30s\" or \"2h45m\". Valid time units are \"s\" (seconds), \"m\" (minutes), \"h\" (hours). Read operations occur during any refresh or planning operation when refresh is enabled.","description_kind":"plain","optional":true},"update":{"type":"string","description":"A string that can be [parsed as a duration](https://pkg.go.dev/time#ParseDuration) consisting of numbers and unit suffixes, such as \"30s\" or \"2h45m\". Valid time units are \"s\" (seconds), \"m\" (minutes), \"h\" (hours).","description_kind":"plain","optional":true}},"description_kind":"plain"}}},"description":"This resource can manage some Azure data plane resources.","description_kind":"markdown"}},"azapi_resource":{"version":2,"block":{"attributes":{"body":{"type":"dynamic","description":"A dynamic attribute that contains the request body.","description_kind":"markdown","optional":true,"computed":true},"create_headers":{"type":["map","string"],"description":"A mapping of headers to be sent with the create request.","description_kind":"markdown","optional":true},"create_query_parameters":{"type":["map",["list","string"]],"description":"A mapping of query parameters to be sent with the create request.","description_kind":"markdown","optional":true},"delete_headers":{"type":["map","string"],"description":"A mapping of headers to be sent with the delete request.","description_kind":"markdown","optional":true},"delete_query_parameters":{"type":["map",["list","string"]],"description":"A mapping of query parameters to be sent with the delete request.","description_kind":"markdown","optional":true},"id":{"type":"string","description":"The ID of the Azure resource.","description_kind":"markdown","computed":true},"ignore_casing":{"type":"bool","description":"Whether ignore the casing of the property names in the response body. Defaults to `false`.","description_kind":"markdown","optional":true,"computed":true},"ignore_missing_property":{"type":"bool","description":"Whether ignore not returned properties like credentials in `body` to suppress plan-diff. Defaults to `true`. It's recommend to enable this option when some sensitive properties are not returned in response body, instead of setting them in `lifecycle.ignore_changes` because it will make the sensitive fields unable to update.","description_kind":"markdown","optional":true,"computed":true},"ignore_null_property":{"type":"bool","description":"When set to `true`, the provider will ignore properties whose values are `null` in the `body`.\nThese properties will not be included in the request body sent to the API, and the difference will not be shown in the plan output. Defaults to `false`.","description_kind":"markdown","optional":true,"computed":true},"ignore_other_items_in_list":{"type":["list","string"],"description":"A list of list property paths where items not specified in configuration should be ignored. This is intended for partial list management when combined with `list_unique_id_property` (for example, to avoid perpetual drift from server-side ordering).","description_kind":"markdown","optional":true},"list_unique_id_property":{"type":["map","string"],"description":"A mapping of list property paths to the field name used as a unique identifier when comparing and merging list items. When not set, list items are matched by a `name` property (if present) or by list ordering. To match using multiple fields, specify a comma-separated list of field names (e.g., `\"category, categoryGroup\"`).","description_kind":"markdown","optional":true},"location":{"type":"string","description":"The location of the Azure resource.","description_kind":"markdown","optional":true,"computed":true},"locks":{"type":["list","string"],"description":"A list of ARM resource IDs which are used to avoid create/modify/delete azapi resources at the same time.","description_kind":"markdown","optional":true},"name":{"type":"string","description":"Specifies the name of the azure resource. Changing this forces a new resource to be created.","description_kind":"markdown","optional":true,"computed":true},"output":{"type":"dynamic","description":"The output HCL object containing the properties specified in `response_export_values`. Here are some examples to use the values.\n\n\t```terraform\n\t// it will output \"registry1.azurecr.io\"\n\toutput \"login_server\" {\n\t\tvalue = azapi_resource.example.output.properties.loginServer\n\t}\n\n\t// it will output \"disabled\"\n\toutput \"quarantine_policy\" {\n\t\tvalue = azapi_resource.example.output.properties.policies.quarantinePolicy.status\n\t}\n\t```\n","description_kind":"markdown","computed":true},"parent_id":{"type":"string","description":"The ID of the azure resource in which this resource is created. It supports different kinds of deployment scope for **top level** resources:\n\n  - resource group scope: `parent_id` should be the ID of a resource group, it's recommended to manage a resource group by azurerm_resource_group.\n\t- management group scope: `parent_id` should be the ID of a management group, it's recommended to manage a management group by azurerm_management_group.\n\t- extension scope: `parent_id` should be the ID of the resource you're adding the extension to.\n\t- subscription scope: `parent_id` should be like \\x60/subscriptions/00000000-0000-0000-0000-000000000000\\x60\n\t- tenant scope: `parent_id` should be /\n\n  For child level resources, the `parent_id` should be the ID of its parent resource, for example, subnet resource's `parent_id` is the ID of the vnet.\n\n  For type `Microsoft.Resources/resourceGroups`, the `parent_id` could be omitted, it defaults to subscription ID specified in provider or the default subscription (You could check the default subscription by azure cli command: `az account show`).","description_kind":"markdown","optional":true,"computed":true},"read_headers":{"type":["map","string"],"description":"A mapping of headers to be sent with the read request.","description_kind":"markdown","optional":true},"read_query_parameters":{"type":["map",["list","string"]],"description":"A mapping of query parameters to be sent with the read request.","description_kind":"markdown","optional":true},"replace_triggers_external_values":{"type":"dynamic","description":"Will trigger a replace of the resource when the value changes and is not `null`. This can be used by practitioners to force a replace of the resource when certain values change, e.g. changing the SKU of a virtual machine based on the value of variables or locals. The value is a `dynamic`, so practitioners can compose the input however they wish. For a \"break glass\" set the value to `null` to prevent the plan modifier taking effect. \nIf you have `null` values that you do want to be tracked as affecting the resource replacement, include these inside an object. \nAdvanced use cases are possible and resource replacement can be triggered by values external to the resource, for example when a dependent resource changes.\n\ne.g. to replace a resource when either the SKU or os_type attributes change:\n\n```hcl\nresource \"azapi_resource\" \"example\" {\n  name      = var.name\n  type      = \"Microsoft.Network/publicIPAddresses@2023-11-01\"\n  parent_id = \"/subscriptions/00000000-0000-0000-0000-000000000000/resourceGroups/example\"\n  body = {\n    properties = {\n      sku   = var.sku\n      zones = var.zones\n    }\n  }\n\n  replace_triggers_external_values = [\n    var.sku,\n    var.zones,\n  ]\n}\n```\n","description_kind":"markdown","optional":true},"replace_triggers_refs":{"type":["list","string"],"description":"A list of paths in the current Terraform configuration. When the values at these paths change, the resource will be replaced.","description_kind":"markdown","optional":true},"response_export_values":{"type":"dynamic","description":"The attribute can accept either a list or a map.\n\n- **List**: A list of paths that need to be exported from the response body. Setting it to `[\"*\"]` will export the full response body. Here's an example. If it sets to `[\"properties.loginServer\", \"properties.policies.quarantinePolicy.status\"]`, it will set the following HCL object to the computed property output.\n\n\t```text\n\t{\n\t\tproperties = {\n\t\t\tloginServer = \"registry1.azurecr.io\"\n\t\t\tpolicies = {\n\t\t\t\tquarantinePolicy = {\n\t\t\t\t\tstatus = \"disabled\"\n\t\t\t\t}\n\t\t\t}\n\t\t}\n\t}\n\t```\n\n- **Map**: A map where the key is the name for the result and the value is a JMESPath query string to filter the response. Here's an example. If it sets to `{\"login_server\": \"properties.loginServer\", \"quarantine_status\": \"properties.policies.quarantinePolicy.status\"}`, it will set the following HCL object to the computed property output.\n\n\t```text\n\t{\n\t\t\"login_server\" = \"registry1.azurecr.io\"\n\t\t\"quarantine_status\" = \"disabled\"\n\t}\n\t```\n\nTo learn more about JMESPath, visit [JMESPath](https://jmespath.org/).\n","description_kind":"markdown","optional":true},"retry":{"nested_type":{"attributes":{"error_message_regex":{"type":["list","string"],"description":"A list of regular expressions to match against error messages. If any of the regular expressions match, the request will be retried.","description_kind":"markdown","required":true},"interval_seconds":{"type":"number","description":"The base number of seconds to wait between retries. Default is `10`.","description_kind":"markdown","optional":true,"computed":true},"max_interval_seconds":{"type":"number","description":"The maximum number of seconds to wait between retries. Default is `180`.","description_kind":"markdown","optional":true,"computed":true},"multiplier":{"type":"number","description":"The multiplier to apply to the interval between retries. Default is `1.5`.","description_kind":"markdown","deprecated":true,"optional":true,"computed":true},"randomization_factor":{"type":"number","description":"The randomization factor to apply to the interval between retries. The formula for the randomized interval is: `RetryInterval * (random value in range [1 - RandomizationFactor, 1 + RandomizationFactor])`. Therefore set to zero `0.0` for no randomization. Default is `0.5`.","description_kind":"markdown","deprecated":true,"optional":true,"computed":true}},"nesting_mode":"single"},"description":"The retry object supports the following attributes:","description_kind":"markdown","optional":true},"schema_validation_enabled":{"type":"bool","description":"Whether enabled the validation on `type` and `body` with embedded schema. Defaults to `true`.","description_kind":"markdown","optional":true,"computed":true},"sensitive_body":{"type":"dynamic","description":"A dynamic attribute that contains the write-only properties of the request body. This will be merge-patched to the body to construct the actual request body.","description_kind":"markdown","optional":true},"sensitive_body_version":{"type":["map","string"],"description":"A map where the key is the path to the property in `sensitive_body` and the value is the version of the property. The key is a string in the format of `path.to.property[index].subproperty`, where `index` is the index of the item in an array. When the version is changed, the property will be included in the request body, otherwise it will be omitted from the request body. ","description_kind":"markdown","optional":true},"tags":{"type":["map","string"],"description":"A mapping of tags which should be assigned to the Azure resource.","description_kind":"markdown","optional":true,"computed":true},"type":{"type":"string","description":"In a format like `\u003cresource-type\u003e@\u003capi-version\u003e`. `\u003cresource-type\u003e` is the Azure resource type, for example, `Microsoft.Storage/storageAccounts`. `\u003capi-version\u003e` is version of the API used to manage this azure resource.","description_kind":"markdown","required":true},"update_headers":{"type":["map","string"],"description":"A mapping of headers to be sent with the update request.","description_kind":"markdown","optional":true},"update_query_parameters":{"type":["map",["list","string"]],"description":"A mapping of query parameters to be sent with the update request.","description_kind":"markdown","optional":true}},"block_types":{"identity":{"nesting_mode":"list","block":{"attributes":{"identity_ids":{"type":["list","string"],"description":"A list of User Managed Identity ID's which should be assigned to the azure resource.","description_kind":"markdown","optional":true},"principal_id":{"type":"string","description":"The Principal ID for the Service Principal associated with the Managed Service Identity of this Azure resource.","description_kind":"markdown","computed":true},"tenant_id":{"type":"string","description":"The Tenant ID for the Service Principal associated with the Managed Service Identity of this Azure resource.","description_kind":"markdown","computed":true},"type":{"type":"string","description":"The Type of Identity which should be used for this azure resource. Possible values are `SystemAssigned`, `UserAssigned` and `SystemAssigned,UserAssigned`","description_kind":"markdown","required":true}},"description_kind":"plain"}},"timeouts":{"nesting_mode":"single","block":{"attributes":{"create":{"type":"string","description":"A string that can be [parsed as a duration](https://pkg.go.dev/time#ParseDuration) consisting of numbers and unit suffixes, such as \"30s\" or \"2h45m\". Valid time units are \"s\" (seconds), \"m\" (minutes), \"h\" (hours).","description_kind":"plain","optional":true},"delete":{"type":"string","description":"A string that can be [parsed as a duration](https://pkg.go.dev/time#ParseDuration) consisting of numbers and unit suffixes, such as \"30s\" or \"2h45m\". Valid time units are \"s\" (seconds), \"m\" (minutes), \"h\" (hours). Setting a timeout for a Delete operation is only applicable if changes are saved into state before the destroy operation occurs.","description_kind":"plain","optional":true},"read":{"type":"string","description":"A string that can be [parsed as a duration](https://pkg.go.dev/time#ParseDuration) consisting of numbers and unit suffixes, such as \"30s\" or \"2h45m\". Valid time units are \"s\" (seconds), \"m\" (minutes), \"h\" (hours). Read operations occur during any refresh or planning operation when refresh is enabled.","description_kind":"plain","optional":true},"update":{"type":"string","description":"A string that can be [parsed as a duration](https://pkg.go.dev/time#ParseDuration) consisting of numbers and unit suffixes, such as \"30s\" or \"2h45m\". Valid time units are \"s\" (seconds), \"m\" (minutes), \"h\" (hours).","description_kind":"plain","optional":true}},"description_kind":"plain"}}},"description":"This resource can manage any Azure Resource Manager resource.","description_kind":"markdown"}},"azapi_resource_action":{"version":2,"block":{"attributes":{"action":{"type":"string","description":"The name of the resource action. It's also possible to make HTTP requests towards the resource ID if leave this field empty.","description_kind":"markdown","optional":true},"body":{"type":"dynamic","description":"A dynamic attribute that contains the request body.","description_kind":"markdown","optional":true},"exist":{"type":"bool","description":"Indicates whether the resource action was successfully performed.","description_kind":"markdown","computed":true},"headers":{"type":["map","string"],"description":"A map of headers to include in the request","description_kind":"markdown","optional":true},"id":{"type":"string","description":"The ID of the Azure resource.","description_kind":"markdown","computed":true},"ignore_not_found":{"type":"bool","description":"If set to `true`, the resource action will ignore `Not Found` errors returned from the Azure API. Default is `false`.","description_kind":"markdown","optional":true},"locks":{"type":["list","string"],"description":"A list of ARM resource IDs which are used to avoid create/modify/delete azapi resources at the same time.","description_kind":"markdown","optional":true},"method":{"type":"string","description":"Specifies the HTTP method of the azure resource action. Allowed values are `POST`, `PATCH`, `PUT` and `DELETE`. Defaults to `POST`.","description_kind":"markdown","optional":true,"computed":true},"output":{"type":"dynamic","description":"The output HCL object containing the properties specified in `response_export_values`. Here are some examples to use the values.\n\n\t```terraform\n\t// it will output \"registry1.azurecr.io\"\n\toutput \"login_server\" {\n\t\tvalue = azapi_resource_action.example.output.properties.loginServer\n\t}\n\n\t// it will output \"disabled\"\n\toutput \"quarantine_policy\" {\n\t\tvalue = azapi_resource_action.example.output.properties.policies.quarantinePolicy.status\n\t}\n\t```\n","description_kind":"markdown","computed":true},"query_parameters":{"type":["map",["list","string"]],"description":"A map of query parameters to include in the request","description_kind":"markdown","optional":true},"resource_id":{"type":"string","description":"The ID of an existing Azure source.","description_kind":"markdown","required":true},"response_export_values":{"type":"dynamic","description":"The attribute can accept either a list or a map.\n\n- **List**: A list of paths that need to be exported from the response body. Setting it to `[\"*\"]` will export the full response body. Here's an example. If it sets to `[\"properties.loginServer\", \"properties.policies.quarantinePolicy.status\"]`, it will set the following HCL object to the computed property output.\n\n\t```text\n\t{\n\t\tproperties = {\n\t\t\tloginServer = \"registry1.azurecr.io\"\n\t\t\tpolicies = {\n\t\t\t\tquarantinePolicy = {\n\t\t\t\t\tstatus = \"disabled\"\n\t\t\t\t}\n\t\t\t}\n\t\t}\n\t}\n\t```\n\n- **Map**: A map where the key is the name for the result and the value is a JMESPath query string to filter the response. Here's an example. If it sets to `{\"login_server\": \"properties.loginServer\", \"quarantine_status\": \"properties.policies.quarantinePolicy.status\"}`, it will set the following HCL object to the computed property output.\n\n\t```text\n\t{\n\t\t\"login_server\" = \"registry1.azurecr.io\"\n\t\t\"quarantine_status\" = \"disabled\"\n\t}\n\t```\n\nTo learn more about JMESPath, visit [JMESPath](https://jmespath.org/).\n","description_kind":"markdown","optional":true},"retry":{"nested_type":{"attributes":{"error_message_regex":{"type":["list","string"],"description":"A list of regular expressions to match against error messages. If any of the regular expressions match, the request will be retried.","description_kind":"markdown","required":true},"interval_seconds":{"type":"number","description":"The base number of seconds to wait between retries. Default is `10`.","description_kind":"markdown","optional":true,"computed":true},"max_interval_seconds":{"type":"number","description":"The maximum number of seconds to wait between retries. Default is `180`.","description_kind":"markdown","optional":true,"computed":true},"multiplier":{"type":"number","description":"The multiplier to apply to the interval between retries. Default is `1.5`.","description_kind":"markdown","deprecated":true,"optional":true,"computed":true},"randomization_factor":{"type":"number","description":"The randomization factor to apply to the interval between retries. The formula for the randomized interval is: `RetryInterval * (random value in range [1 - RandomizationFactor, 1 + RandomizationFactor])`. Therefore set to zero `0.0` for no randomization. Default is `0.5`.","description_kind":"markdown","deprecated":true,"optional":true,"computed":true}},"nesting_mode":"single"},"description":"The retry object supports the following attributes:","description_kind":"markdown","optional":true},"sensitive_output":{"type":"dynamic","description":"The output HCL object containing the properties specified in `sensitive_response_export_values`. Here are some examples to use the values.\n\n\t```terraform\n\t// it will output \"registry1.azurecr.io\"\n\toutput \"login_server\" {\n\t\tvalue     = azapi_resource_action.example.sensitive_output.properties.loginServer\n        sensitive = true\n\t}\n\n\t// it will output \"disabled\"\n\toutput \"quarantine_policy\" {\n\t\tvalue     = azapi_resource_action.example.sensitive_output.properties.policies.quarantinePolicy.status\n        sensitive = true\n\t}\n\t```\n","description_kind":"markdown","computed":true,"sensitive":true},"sensitive_response_export_values":{"type":"dynamic","description":"The attribute can accept either a list or a map.\n\n- **List**: A list of paths that need to be exported from the response body. Setting it to `[\"*\"]` will export the full response body. Here's an example. If it sets to `[\"properties.loginServer\", \"properties.policies.quarantinePolicy.status\"]`, it will set the following HCL object to the computed property output.\n\n\t```text\n\t{\n\t\tproperties = {\n\t\t\tloginServer = \"registry1.azurecr.io\"\n\t\t\tpolicies = {\n\t\t\t\tquarantinePolicy = {\n\t\t\t\t\tstatus = \"disabled\"\n\t\t\t\t}\n\t\t\t}\n\t\t}\n\t}\n\t```\n\n- **Map**: A map where the key is the name for the result and the value is a JMESPath query string to filter the response. Here's an example. If it sets to `{\"login_server\": \"properties.loginServer\", \"quarantine_status\": \"properties.policies.quarantinePolicy.status\"}`, it will set the following HCL object to the computed property output.\n\n\t```text\n\t{\n\t\t\"login_server\" = \"registry1.azurecr.io\"\n\t\t\"quarantine_status\" = \"disabled\"\n\t}\n\t```\n\nTo learn more about JMESPath, visit [JMESPath](https://jmespath.org/).\n","description_kind":"markdown","optional":true},"type":{"type":"string","description":"In a format like `\u003cresource-type\u003e@\u003capi-version\u003e`. `\u003cresource-type\u003e` is the Azure resource type, for example, `Microsoft.Storage/storageAccounts`. `\u003capi-version\u003e` is version of the API used to manage this azure resource.","description_kind":"markdown","required":true},"when":{"type":"string","description":"When to perform the action, value must be one of: `apply`, `destroy`. Default is `apply`.","description_kind":"markdown","optional":true,"computed":true}},"block_types":{"timeouts":{"nesting_mode":"single","block":{"attributes":{"create":{"type":"string","description":"A string that can be [parsed as a duration](https://pkg.go.dev/time#ParseDuration) consisting of numbers and unit suffixes, such as \"30s\" or \"2h45m\". Valid time units are \"s\" (seconds), \"m\" (minutes), \"h\" (hours).","description_kind":"plain","optional":true},"delete":{"type":"string","description":"A string that can be [parsed as a duration](https://pkg.go.dev/time#ParseDuration) consisting of numbers and unit suffixes, such as \"30s\" or \"2h45m\". Valid time units are \"s\" (seconds), \"m\" (minutes), \"h\" (hours). Setting a timeout for a Delete operation is only applicable if changes are saved into state before the destroy operation occurs.","description_kind":"plain","optional":true},"read":{"type":"string","description":"A string that can be [parsed as a duration](https://pkg.go.dev/time#ParseDuration) consisting of numbers and unit suffixes, such as \"30s\" or \"2h45m\". Valid time units are \"s\" (seconds), \"m\" (minutes), \"h\" (hours). Read operations occur during any refresh or planning operation when refresh is enabled.","description_kind":"plain","optional":true},"update":{"type":"string","description":"A string that can be [parsed as a duration](https://pkg.go.dev/time#ParseDuration) consisting of numbers and unit suffixes, such as \"30s\" or \"2h45m\". Valid time units are \"s\" (seconds), \"m\" (minutes), \"h\" (hours).","description_kind":"plain","optional":true}},"description_kind":"plain"}}},"description":"This resource allows you to perform an action on an existing Azure resource. It is useful for performing actions that modify the state of an Azure resource without managing its lifecycle in Terraform, e.g., starting or stopping an Azure Virtual Machine.\tPlease note that when deleting this resource, no action will be performed on the Azure resource unless the `when` argument is set to `destroy`. ","description_kind":"markdown"}},"azapi_update_resource":{"version":2,"block":{"attributes":{"body":{"type":"dynamic","description":"A dynamic attribute that contains the request body.","description_kind":"markdown","optional":true},"id":{"type":"string","description":"The ID of the Azure resource.","description_kind":"markdown","computed":true},"ignore_casing":{"type":"bool","description":"Whether ignore the casing of the property names in the response body. Defaults to `false`.","description_kind":"markdown","optional":true,"computed":true},"ignore_missing_property":{"type":"bool","description":"Whether ignore not returned properties like credentials in `body` to suppress plan-diff. Defaults to `true`. It's recommend to enable this option when some sensitive properties are not returned in response body, instead of setting them in `lifecycle.ignore_changes` because it will make the sensitive fields unable to update.","description_kind":"markdown","optional":true,"computed":true},"ignore_other_items_in_list":{"type":["list","string"],"description":"A list of list property paths where items not specified in configuration should be ignored. This is intended for partial list management when combined with `list_unique_id_property` (for example, to avoid perpetual drift from server-side ordering).","description_kind":"markdown","optional":true},"list_unique_id_property":{"type":["map","string"],"description":"A mapping of list property paths to the field name used as a unique identifier when comparing and merging list items. When not set, list items are matched by a `name` property (if present) or by list ordering. To match using multiple fields, specify a comma-separated list of field names (e.g., `\"category, categoryGroup\"`).","description_kind":"markdown","optional":true},"locks":{"type":["list","string"],"description":"A list of ARM resource IDs which are used to avoid create/modify/delete azapi resources at the same time.","description_kind":"markdown","optional":true},"name":{"type":"string","description":"Specifies the name of the Azure resource. Changing this forces a new resource to be created.","description_kind":"markdown","optional":true,"computed":true},"output":{"type":"dynamic","description":"The output HCL object containing the properties specified in `response_export_values`. Here are some examples to use the values.\n\n\t```terraform\n\t// it will output \"registry1.azurecr.io\"\n\toutput \"login_server\" {\n\t\tvalue = azapi_update_resource.example.output.properties.loginServer\n\t}\n\n\t// it will output \"disabled\"\n\toutput \"quarantine_policy\" {\n\t\tvalue = azapi_update_resource.example.output.properties.policies.quarantinePolicy.status\n\t}\n\t```\n","description_kind":"markdown","computed":true},"parent_id":{"type":"string","description":"The ID of the azure resource in which this resource is created. It supports different kinds of deployment scope for **top level** resources:\n\n  - resource group scope: `parent_id` should be the ID of a resource group, it's recommended to manage a resource group by azurerm_resource_group.\n\t- management group scope: `parent_id` should be the ID of a management group, it's recommended to manage a management group by azurerm_management_group.\n\t- extension scope: `parent_id` should be the ID of the resource you're adding the extension to.\n\t- subscription scope: `parent_id` should be like \\x60/subscriptions/00000000-0000-0000-0000-000000000000\\x60\n\t- tenant scope: `parent_id` should be /\n\n  For child level resources, the `parent_id` should be the ID of its parent resource, for example, subnet resource's `parent_id` is the ID of the vnet.\n\n  For type `Microsoft.Resources/resourceGroups`, the `parent_id` could be omitted, it defaults to subscription ID specified in provider or the default subscription (You could check the default subscription by azure cli command: `az account show`).","description_kind":"markdown","optional":true,"computed":true},"read_headers":{"type":["map","string"],"description":"A mapping of headers to be sent with the read request.","description_kind":"markdown","optional":true},"read_query_parameters":{"type":["map",["list","string"]],"description":"A mapping of query parameters to be sent with the read request.","description_kind":"markdown","optional":true},"replace_triggers_external_values":{"type":"dynamic","description":"Will trigger a replace of the resource when the value changes and is not `null`. This can be used by practitioners to force a replace of the resource when certain values change, e.g. changing the SKU of a virtual machine based on the value of variables or locals. The value is a `dynamic`, so practitioners can compose the input however they wish. For a \"break glass\" set the value to `null` to prevent the plan modifier taking effect. \nIf you have `null` values that you do want to be tracked as affecting the resource replacement, include these inside an object. \nAdvanced use cases are possible and resource replacement can be triggered by values external to the resource, for example when a dependent resource changes.\n\ne.g. to replace a resource when either the SKU or os_type attributes change:\n\n```hcl\nresource \"azapi_update_resource\" \"example\" {\n  resource_id = \"/subscriptions/00000000-0000-0000-0000-000000000000/resourceGroups/example/providers/Microsoft.Network/publicIPAddresses/example\"\n  type        = \"Microsoft.Network/publicIPAddresses@2023-11-01\"\n  body = {\n    properties = {\n      sku   = var.sku\n      zones = var.zones\n    }\n  }\n\n  replace_triggers_external_values = [\n    var.sku,\n    var.zones,\n  ]\n}\n```\n","description_kind":"markdown","optional":true},"resource_id":{"type":"string","description":"The ID of an existing Azure source.","description_kind":"markdown","optional":true,"computed":true},"response_export_values":{"type":"dynamic","description":"The attribute can accept either a list or a map.\n\n- **List**: A list of paths that need to be exported from the response body. Setting it to `[\"*\"]` will export the full response body. Here's an example. If it sets to `[\"properties.loginServer\", \"properties.policies.quarantinePolicy.status\"]`, it will set the following HCL object to the computed property output.\n\n\t```text\n\t{\n\t\tproperties = {\n\t\t\tloginServer = \"registry1.azurecr.io\"\n\t\t\tpolicies = {\n\t\t\t\tquarantinePolicy = {\n\t\t\t\t\tstatus = \"disabled\"\n\t\t\t\t}\n\t\t\t}\n\t\t}\n\t}\n\t```\n\n- **Map**: A map where the key is the name for the result and the value is a JMESPath query string to filter the response. Here's an example. If it sets to `{\"login_server\": \"properties.loginServer\", \"quarantine_status\": \"properties.policies.quarantinePolicy.status\"}`, it will set the following HCL object to the computed property output.\n\n\t```text\n\t{\n\t\t\"login_server\" = \"registry1.azurecr.io\"\n\t\t\"quarantine_status\" = \"disabled\"\n\t}\n\t```\n\nTo learn more about JMESPath, visit [JMESPath](https://jmespath.org/).\n","description_kind":"markdown","optional":true},"retry":{"nested_type":{"attributes":{"error_message_regex":{"type":["list","string"],"description":"A list of regular expressions to match against error messages. If any of the regular expressions match, the request will be retried.","description_kind":"markdown","required":true},"interval_seconds":{"type":"number","description":"The base number of seconds to wait between retries. Default is `10`.","description_kind":"markdown","optional":true,"computed":true},"max_interval_seconds":{"type":"number","description":"The maximum number of seconds to wait between retries. Default is `180`.","description_kind":"markdown","optional":true,"computed":true},"multiplier":{"type":"number","description":"The multiplier to apply to the interval between retries. Default is `1.5`.","description_kind":"markdown","deprecated":true,"optional":true,"computed":true},"randomization_factor":{"type":"number","description":"The randomization factor to apply to the interval between retries. The formula for the randomized interval is: `RetryInterval * (random value in range [1 - RandomizationFactor, 1 + RandomizationFactor])`. Therefore set to zero `0.0` for no randomization. Default is `0.5`.","description_kind":"markdown","deprecated":true,"optional":true,"computed":true}},"nesting_mode":"single"},"description":"The retry object supports the following attributes:","description_kind":"markdown","optional":true},"sensitive_body":{"type":"dynamic","description":"A dynamic attribute that contains the write-only properties of the request body. This will be merge-patched to the body to construct the actual request body.","description_kind":"markdown","optional":true},"sensitive_body_version":{"type":["map","string"],"description":"A map where the key is the path to the property in `sensitive_body` and the value is the version of the property. The key is a string in the format of `path.to.property[index].subproperty`, where `index` is the index of the item in an array. When the version is changed, the property will be included in the request body, otherwise it will be omitted from the request body. ","description_kind":"markdown","optional":true},"type":{"type":"string","description":"In a format like `\u003cresource-type\u003e@\u003capi-version\u003e`. `\u003cresource-type\u003e` is the Azure resource type, for example, `Microsoft.Storage/storageAccounts`. `\u003capi-version\u003e` is version of the API used to manage this azure resource.","description_kind":"markdown","required":true},"update_headers":{"type":["map","string"],"description":"A mapping of headers to be sent with the update request.","description_kind":"markdown","optional":true},"update_query_parameters":{"type":["map",["list","string"]],"description":"A mapping of query parameters to be sent with the update request.","description_kind":"markdown","optional":true}},"block_types":{"timeouts":{"nesting_mode":"single","block":{"attributes":{"create":{"type":"string","description":"A string that can be [parsed as a duration](https://pkg.go.dev/time#ParseDuration) consisting of numbers and unit suffixes, such as \"30s\" or \"2h45m\". Valid time units are \"s\" (seconds), \"m\" (minutes), \"h\" (hours).","description_kind":"plain","optional":true},"delete":{"type":"string","description":"A string that can be [parsed as a duration](https://pkg.go.dev/time#ParseDuration) consisting of numbers and unit suffixes, such as \"30s\" or \"2h45m\". Valid time units are \"s\" (seconds), \"m\" (minutes), \"h\" (hours). Setting a timeout for a Delete operation is only applicable if changes are saved into state before the destroy operation occurs.","description_kind":"plain","optional":true},"read":{"type":"string","description":"A string that can be [parsed as a duration](https://pkg.go.dev/time#ParseDuration) consisting of numbers and unit suffixes, such as \"30s\" or \"2h45m\". Valid time units are \"s\" (seconds), \"m\" (minutes), \"h\" (hours). Read operations occur during any refresh or planning operation when refresh is enabled.","description_kind":"plain","optional":true},"update":{"type":"string","description":"A string that can be [parsed as a duration](https://pkg.go.dev/time#ParseDuration) consisting of numbers and unit suffixes, such as \"30s\" or \"2h45m\". Valid time units are \"s\" (seconds), \"m\" (minutes), \"h\" (hours).","description_kind":"plain","optional":true}},"description_kind":"plain"}}},"description":"This resource can manage a subset of any existing Azure resource manager resource's properties.\n\n-\u003e **Note** This resource is used to add or modify properties on an existing resource. When `azapi_update_resource` is deleted, no operation will be performed, and these properties will stay unchanged. If you want to restore the modified properties to some values, you must apply the restored properties before deleting.","description_kind":"markdown"}}},"data_source_schemas":{"azapi_client_config":{"version":0,"block":{"attributes":{"id":{"type":"string","description_kind":"plain","computed":true},"object_id":{"type":"string","description":"The object ID of the identity. E.g. `00000000-0000-0000-0000-000000000000`","description_kind":"markdown","computed":true},"subscription_id":{"type":"string","description":"The subscription ID. E.g. `00000000-0000-0000-0000-000000000000`","description_kind":"markdown","computed":true},"subscription_resource_id":{"type":"string","description":"The resource ID of the subscription. E.g. `/subscriptions/00000000-0000-0000-0000-000000000000`","description_kind":"markdown","computed":true},"tenant_id":{"type":"string","description":"The tenant ID. E.g. `00000000-0000-0000-0000-000000000000`","description_kind":"markdown","computed":true}},"block_types":{"timeouts":{"nesting_mode":"single","block":{"attributes":{"read":{"type":"string","description":"A string that can be [parsed as a duration](https://pkg.go.dev/time#ParseDuration) consisting of numbers and unit suffixes, such as \"30s\" or \"2h45m\". Valid time units are \"s\" (seconds), \"m\" (minutes), \"h\" (hours). Read operations occur during any refresh or planning operation when refresh is enabled.","description_kind":"plain","optional":true}},"description_kind":"plain"}}},"description":"This data source provides information about the current Azure client configuration, including the tenant ID, subscription ID, and object ID of the identity used by the provider.","description_kind":"markdown"}},"azapi_resource":{"version":2,"block":{"attributes":{"exists":{"type":"bool","description":"Indicates whether the specified Azure resource exists. This will be `false` only when `ignore_not_found` is `true` and the resource isn't found.","description_kind":"markdown","computed":true},"headers":{"type":["map","string"],"description":"A map of headers to include in the request","description_kind":"markdown","optional":true},"id":{"type":"string","description":"The ID of the Azure resource.","description_kind":"markdown","computed":true},"identity":{"nested_type":{"attributes":{"identity_ids":{"type":["list","string"],"description":"A list of User Managed Identity ID's which should be assigned to the azure resource.","description_kind":"markdown","computed":true},"principal_id":{"type":"string","description":"The Principal ID for the Service Principal associated with the Managed Service Identity of this Azure resource.","description_kind":"markdown","computed":true},"tenant_id":{"type":"string","description":"The Tenant ID for the Service Principal associated with the Managed Service Identity of this Azure resource.","description_kind":"markdown","computed":true},"type":{"type":"string","description":"The Type of Identity which should be used for this azure resource. Possible values are `SystemAssigned`, `UserAssigned` and `SystemAssigned,UserAssigned`","description_kind":"markdown","computed":true}},"nesting_mode":"list"},"description_kind":"plain","computed":true},"ignore_not_found":{"type":"bool","description":"If set to `true`, the data source will not fail when the specified resource is not found (HTTP 404). Identifier attributes (`id`, `name`, `parent_id`, `resource_id`) will still be populated based on inputs; other computed attributes (`output`, `location`, `identity`, `tags`) will be null/empty. Defaults to `false`.","description_kind":"markdown","optional":true},"location":{"type":"string","description":"The location of the Azure resource.","description_kind":"markdown","computed":true},"name":{"type":"string","description":"Specifies the name of the Azure resource. Exactly one of the arguments `name` or `resource_id` must be set. It could be omitted if the `type` is `Microsoft.Resources/subscriptions`.","description_kind":"markdown","optional":true,"computed":true},"output":{"type":"dynamic","description":"The output HCL object containing the properties specified in `response_export_values`. Here are some examples to use the values.\n\n\t```terraform\n\t// it will output \"registry1.azurecr.io\"\n\toutput \"login_server\" {\n\t\tvalue = data.azapi_resource.example.output.properties.loginServer\n\t}\n\n\t// it will output \"disabled\"\n\toutput \"quarantine_policy\" {\n\t\tvalue = data.azapi_resource.example.output.properties.policies.quarantinePolicy.status\n\t}\n\t```\n","description_kind":"markdown","computed":true},"parent_id":{"type":"string","description":"The ID of the azure resource in which this resource is created. It supports different kinds of deployment scope for **top level** resources:\n\n  - resource group scope: `parent_id` should be the ID of a resource group, it's recommended to manage a resource group by azurerm_resource_group.\n\t- management group scope: `parent_id` should be the ID of a management group, it's recommended to manage a management group by azurerm_management_group.\n\t- extension scope: `parent_id` should be the ID of the resource you're adding the extension to.\n\t- subscription scope: `parent_id` should be like \\x60/subscriptions/00000000-0000-0000-0000-000000000000\\x60\n\t- tenant scope: `parent_id` should be /\n\n  For child level resources, the `parent_id` should be the ID of its parent resource, for example, subnet resource's `parent_id` is the ID of the vnet.\n\n  For type `Microsoft.Resources/resourceGroups`, the `parent_id` could be omitted, it defaults to subscription ID specified in provider or the default subscription (You could check the default subscription by azure cli command: `az account show`).","description_kind":"markdown","optional":true,"computed":true},"query_parameters":{"type":["map",["list","string"]],"description":"A map of query parameters to include in the request","description_kind":"markdown","optional":true},"resource_id":{"type":"string","description":"The ID of the Azure resource to retrieve. Exactly one of the arguments `name` or `resource_id` must be set. It could be omitted if the `type` is `Microsoft.Resources/subscriptions`.","description_kind":"markdown","optional":true,"computed":true},"response_export_values":{"type":"dynamic","description":"The attribute can accept either a list or a map.\n\n- **List**: A list of paths that need to be exported from the response body. Setting it to `[\"*\"]` will export the full response body. Here's an example. If it sets to `[\"properties.loginServer\", \"properties.policies.quarantinePolicy.status\"]`, it will set the following HCL object to the computed property output.\n\n\t```text\n\t{\n\t\tproperties = {\n\t\t\tloginServer = \"registry1.azurecr.io\"\n\t\t\tpolicies = {\n\t\t\t\tquarantinePolicy = {\n\t\t\t\t\tstatus = \"disabled\"\n\t\t\t\t}\n\t\t\t}\n\t\t}\n\t}\n\t```\n\n- **Map**: A map where the key is the name for the result and the value is a JMESPath query string to filter the response. Here's an example. If it sets to `{\"login_server\": \"properties.loginServer\", \"quarantine_status\": \"properties.policies.quarantinePolicy.status\"}`, it will set the following HCL object to the computed property output.\n\n\t```text\n\t{\n\t\t\"login_server\" = \"registry1.azurecr.io\"\n\t\t\"quarantine_status\" = \"disabled\"\n\t}\n\t```\n\nTo learn more about JMESPath, visit [JMESPath](https://jmespath.org/).\n","description_kind":"markdown","optional":true},"retry":{"nested_type":{"attributes":{"error_message_regex":{"type":["list","string"],"description":"A list of regular expressions to match against error messages. If any of the regular expressions match, the request will be retried.","description_kind":"markdown","required":true},"interval_seconds":{"type":"number","description":"The base number of seconds to wait between retries. Default is `10`.","description_kind":"markdown","optional":true,"computed":true},"max_interval_seconds":{"type":"number","description":"The maximum number of seconds to wait between retries. Default is `180`.","description_kind":"markdown","optional":true,"computed":true},"multiplier":{"type":"number","description":"The multiplier to apply to the interval between retries. Default is `1.5`.","description_kind":"markdown","deprecated":true,"optional":true,"computed":true},"randomization_factor":{"type":"number","description":"The randomization factor to apply to the interval between retries. The formula for the randomized interval is: `RetryInterval * (random value in range [1 - RandomizationFactor, 1 + RandomizationFactor])`. Therefore set to zero `0.0` for no randomization. Default is `0.5`.","description_kind":"markdown","deprecated":true,"optional":true,"computed":true}},"nesting_mode":"single"},"description":"The retry object supports the following attributes:","description_kind":"markdown","optional":true},"tags":{"type":["map","string"],"description":"A mapping of tags which are assigned to the Azure resource.","description_kind":"markdown","computed":true},"type":{"type":"string","description":"In a format like `\u003cresource-type\u003e@\u003capi-version\u003e`. `\u003cresource-type\u003e` is the Azure resource type, for example, `Microsoft.Storage/storageAccounts`. `\u003capi-version\u003e` is version of the API used to manage this azure resource.","description_kind":"markdown","required":true}},"block_types":{"timeouts":{"nesting_mode":"single","block":{"attributes":{"read":{"type":"string","description":"A string that can be [parsed as a duration](https://pkg.go.dev/time#ParseDuration) consisting of numbers and unit suffixes, such as \"30s\" or \"2h45m\". Valid time units are \"s\" (seconds), \"m\" (minutes), \"h\" (hours). Read operations occur during any refresh or planning operation when refresh is enabled.","description_kind":"plain","optional":true}},"description_kind":"plain"}}},"description":"This resource can access any existing Azure resource manager resource.","description_kind":"markdown"}},"azapi_resource_action":{"version":2,"block":{"attributes":{"action":{"type":"string","description":"The name of the resource action. It's also possible to make HTTP requests towards the resource ID if leave this field empty.","description_kind":"markdown","optional":true},"body":{"type":"dynamic","description_kind":"plain","optional":true},"headers":{"type":["map","string"],"description":"A map of headers to include in the request","description_kind":"markdown","optional":true},"id":{"type":"string","description":"The ID of the Azure resource.","description_kind":"markdown","computed":true},"method":{"type":"string","description":"The HTTP method to use when performing the action. Must be one of `POST`, `GET`. Defaults to `POST`.","description_kind":"markdown","optional":true,"computed":true},"output":{"type":"dynamic","description":"The output HCL object containing the properties specified in `response_export_values`. Here are some examples to use the values.\n\n\t```terraform\n\t// it will output \"registry1.azurecr.io\"\n\toutput \"login_server\" {\n\t\tvalue = data.azapi_resource_action.example.output.properties.loginServer\n\t}\n\n\t// it will output \"disabled\"\n\toutput \"quarantine_policy\" {\n\t\tvalue = data.azapi_resource_action.example.output.properties.policies.quarantinePolicy.status\n\t}\n\t```\n","description_kind":"markdown","computed":true},"query_parameters":{"type":["map",["list","string"]],"description":"A map of query parameters to include in the request","description_kind":"markdown","optional":true},"resource_id":{"type":"string","description":"The ID of the Azure resource to perform the action on.","description_kind":"markdown","optional":true},"response_export_values":{"type":"dynamic","description":"The attribute can accept either a list or a map.\n\n- **List**: A list of paths that need to be exported from the response body. Setting it to `[\"*\"]` will export the full response body. Here's an example. If it sets to `[\"properties.loginServer\", \"properties.policies.quarantinePolicy.status\"]`, it will set the following HCL object to the computed property output.\n\n\t```text\n\t{\n\t\tproperties = {\n\t\t\tloginServer = \"registry1.azurecr.io\"\n\t\t\tpolicies = {\n\t\t\t\tquarantinePolicy = {\n\t\t\t\t\tstatus = \"disabled\"\n\t\t\t\t}\n\t\t\t}\n\t\t}\n\t}\n\t```\n\n- **Map**: A map where the key is the name for the result and the value is a JMESPath query string to filter the response. Here's an example. If it sets to `{\"login_server\": \"properties.loginServer\", \"quarantine_status\": \"properties.policies.quarantinePolicy.status\"}`, it will set the following HCL object to the computed property output.\n\n\t```text\n\t{\n\t\t\"login_server\" = \"registry1.azurecr.io\"\n\t\t\"quarantine_status\" = \"disabled\"\n\t}\n\t```\n\nTo learn more about JMESPath, visit [JMESPath](https://jmespath.org/).\n","description_kind":"markdown","optional":true},"retry":{"nested_type":{"attributes":{"error_message_regex":{"type":["list","string"],"description":"A list of regular expressions to match against error messages. If any of the regular expressions match, the request will be retried.","description_kind":"markdown","required":true},"interval_seconds":{"type":"number","description":"The base number of seconds to wait between retries. Default is `10`.","description_kind":"markdown","optional":true,"computed":true},"max_interval_seconds":{"type":"number","description":"The maximum number of seconds to wait between retries. Default is `180`.","description_kind":"markdown","optional":true,"computed":true},"multiplier":{"type":"number","description":"The multiplier to apply to the interval between retries. Default is `1.5`.","description_kind":"markdown","deprecated":true,"optional":true,"computed":true},"randomization_factor":{"type":"number","description":"The randomization factor to apply to the interval between retries. The formula for the randomized interval is: `RetryInterval * (random value in range [1 - RandomizationFactor, 1 + RandomizationFactor])`. Therefore set to zero `0.0` for no randomization. Default is `0.5`.","description_kind":"markdown","deprecated":true,"optional":true,"computed":true}},"nesting_mode":"single"},"description":"The retry object supports the following attributes:","description_kind":"markdown","optional":true},"sensitive_output":{"type":"dynamic","description":"The output HCL object containing the properties specified in `sensitive_response_export_values`. Here are some examples to use the values.\n\n\t```terraform\n\t// it will output \"registry1.azurecr.io\"\n\toutput \"login_server\" {\n\t\tvalue     = data.azapi_resource_action.example.sensitive_output.properties.loginServer\n        sensitive = true\n\t}\n\n\t// it will output \"disabled\"\n\toutput \"quarantine_policy\" {\n\t\tvalue     = data.azapi_resource_action.example.sensitive_output.properties.policies.quarantinePolicy.status\n        sensitive = true\n\t}\n\t```\n","description_kind":"markdown","computed":true,"sensitive":true},"sensitive_response_export_values":{"type":"dynamic","description":"The attribute can accept either a list or a map.\n\n- **List**: A list of paths that need to be exported from the response body. Setting it to `[\"*\"]` will export the full response body. Here's an example. If it sets to `[\"properties.loginServer\", \"properties.policies.quarantinePolicy.status\"]`, it will set the following HCL object to the computed property sensitive_output.\n\n\t```text\n\t{\n\t\tproperties = {\n\t\t\tloginServer = \"registry1.azurecr.io\"\n\t\t\tpolicies = {\n\t\t\t\tquarantinePolicy = {\n\t\t\t\t\tstatus = \"disabled\"\n\t\t\t\t}\n\t\t\t}\n\t\t}\n\t}\n\t```\n\n- **Map**: A map where the key is the name for the result and the value is a JMESPath query string to filter the response. Here's an example. If it sets to `{\"login_server\": \"properties.loginServer\", \"quarantine_status\": \"properties.policies.quarantinePolicy.status\"}`, it will set the following HCL object to the computed property sensitive_output.\n\n\t```text\n\t{\n\t\t\"login_server\" = \"registry1.azurecr.io\"\n\t\t\"quarantine_status\" = \"disabled\"\n\t}\n\t```\n\nTo learn more about JMESPath, visit [JMESPath](https://jmespath.org/).\n","description_kind":"markdown","optional":true},"type":{"type":"string","description":"In a format like `\u003cresource-type\u003e@\u003capi-version\u003e`. `\u003cresource-type\u003e` is the Azure resource type, for example, `Microsoft.Storage/storageAccounts`. `\u003capi-version\u003e` is version of the API used to manage this azure resource.","description_kind":"markdown","required":true}},"block_types":{"timeouts":{"nesting_mode":"single","block":{"attributes":{"read":{"type":"string","description":"A string that can be [parsed as a duration](https://pkg.go.dev/time#ParseDuration) consisting of numbers and unit suffixes, such as \"30s\" or \"2h45m\". Valid time units are \"s\" (seconds), \"m\" (minutes), \"h\" (hours). Read operations occur during any refresh or planning operation when refresh is enabled.","description_kind":"plain","optional":true}},"description_kind":"plain"}}},"description":"This data source allows you to perform an action on an existing Azure resource. It is useful for performing actions that reads information from an Azure resource, e.g., retrieving access keys from an Azure Storage Account. It should not be used to perform actions that modify the state of an Azure resource, because it will be called multiple times during a Terraform run.","description_kind":"markdown"}},"azapi_resource_id":{"version":0,"block":{"attributes":{"id":{"type":"string","description":"The ID of the Azure resource.","description_kind":"markdown","computed":true},"name":{"type":"string","description":"The name of the Azure resource.","description_kind":"markdown","optional":true,"computed":true},"parent_id":{"type":"string","description":"The ID of the azure resource in which this resource is created. It supports different kinds of deployment scope for **top level** resources:\n\n  - resource group scope: `parent_id` should be the ID of a resource group, it's recommended to manage a resource group by azurerm_resource_group.\n\t- management group scope: `parent_id` should be the ID of a management group, it's recommended to manage a management group by azurerm_management_group.\n\t- extension scope: `parent_id` should be the ID of the resource you're adding the extension to.\n\t- subscription scope: `parent_id` should be like \\x60/subscriptions/00000000-0000-0000-0000-000000000000\\x60\n\t- tenant scope: `parent_id` should be /\n\n  For child level resources, the `parent_id` should be the ID of its parent resource, for example, subnet resource's `parent_id` is the ID of the vnet.\n\n  For type `Microsoft.Resources/resourceGroups`, the `parent_id` could be omitted, it defaults to subscription ID specified in provider or the default subscription (You could check the default subscription by azure cli command: `az account show`).","description_kind":"markdown","optional":true,"computed":true},"parts":{"type":["map","string"],"description":"A map of the resource ID parts, where the key is the part name and the value is the part value. e.g. `virtualNetworks=myVnet`.","description_kind":"markdown","computed":true},"provider_namespace":{"type":"string","description":"The Azure resource provider namespace of the Azure resource.","description_kind":"markdown","computed":true},"resource_group_name":{"type":"string","description":"The resource group name of the Azure resource.","description_kind":"markdown","computed":true},"resource_id":{"type":"string","description":"The ID of an existing Azure source.","description_kind":"markdown","optional":true,"computed":true},"subscription_id":{"type":"string","description":"The subscription ID of the Azure resource.","description_kind":"markdown","computed":true},"type":{"type":"string","description":"In a format like `\u003cresource-type\u003e@\u003capi-version\u003e`. `\u003cresource-type\u003e` is the Azure resource type, for example, `Microsoft.Storage/storageAccounts`. `\u003capi-version\u003e` is version of the API used to manage this azure resource.","description_kind":"markdown","required":true}},"block_types":{"timeouts":{"nesting_mode":"single","block":{"attributes":{"read":{"type":"string","description":"A string that can be [parsed as a duration](https://pkg.go.dev/time#ParseDuration) consisting of numbers and unit suffixes, such as \"30s\" or \"2h45m\". Valid time units are \"s\" (seconds), \"m\" (minutes), \"h\" (hours). Read operations occur during any refresh or planning operation when refresh is enabled.","description_kind":"plain","optional":true}},"description_kind":"plain"}}},"description":"This data source allows you to parse an Azure Resource ID into its components. It can be used to extract information such as the resource type, name, parent ID, and other parts of the resource ID. It can also be used to build a resource ID from the resource type, name, and parent ID. This is useful for constructing resource IDs for use in other resources or data sources.","description_kind":"markdown"}},"azapi_resource_list":{"version":0,"block":{"attributes":{"headers":{"type":["map","string"],"description":"A map of headers to include in the request","description_kind":"markdown","optional":true},"id":{"type":"string","description":"The ID of the Azure resource.","description_kind":"markdown","computed":true},"output":{"type":"dynamic","description":"The output HCL object containing the properties specified in `response_export_values`. Here are some examples to use the values.\n\n\t```terraform\n\t// it will output \"registry1.azurecr.io\"\n\toutput \"login_server\" {\n\t\tvalue = data.azapi_resource_list.example.output.properties.loginServer\n\t}\n\n\t// it will output \"disabled\"\n\toutput \"quarantine_policy\" {\n\t\tvalue = data.azapi_resource_list.example.output.properties.policies.quarantinePolicy.status\n\t}\n\t```\n","description_kind":"markdown","computed":true},"parent_id":{"type":"string","description":"The ID of the azure resource in which this resource is created. It supports different kinds of deployment scope for **top level** resources:\n\n  - resource group scope: `parent_id` should be the ID of a resource group, it's recommended to manage a resource group by azurerm_resource_group.\n\t- management group scope: `parent_id` should be the ID of a management group, it's recommended to manage a management group by azurerm_management_group.\n\t- extension scope: `parent_id` should be the ID of the resource you're adding the extension to.\n\t- subscription scope: `parent_id` should be like \\x60/subscriptions/00000000-0000-0000-0000-000000000000\\x60\n\t- tenant scope: `parent_id` should be /\n\n  For child level resources, the `parent_id` should be the ID of its parent resource, for example, subnet resource's `parent_id` is the ID of the vnet.\n\n  For type `Microsoft.Resources/resourceGroups`, the `parent_id` could be omitted, it defaults to subscription ID specified in provider or the default subscription (You could check the default subscription by azure cli command: `az account show`).","description_kind":"markdown","required":true},"query_parameters":{"type":["map",["list","string"]],"description":"A map of query parameters to include in the request","description_kind":"markdown","optional":true},"response_export_values":{"type":"dynamic","description":"The attribute can accept either a list or a map.\n\n- **List**: A list of paths that need to be exported from the response body. Setting it to `[\"*\"]` will export the full response body. Here's an example. If it sets to `[\"value\"]`, it will set the following HCL object to the computed property output.\n\n\t```text\n\t{\n\t  \"value\" = [\n\t\t{\n\t\t  \"id\" = \"/subscriptions/000000/resourceGroups/demo-rg/providers/Microsoft.Automation/automationAccounts/example\"\n\t\t  \"location\" = \"eastus2\"\n\t\t  \"name\" = \"example\"\n\t\t  \"properties\" = {\n\t\t\t\"creationTime\" = \"2024-10-11T08:18:38.737+00:00\"\n\t\t\t\"disableLocalAuth\" = false\n\t\t\t\"lastModifiedTime\" = \"2024-10-11T08:18:38.737+00:00\"\n\t\t\t\"publicNetworkAccess\" = true\n\t\t  }\n\t\t  \"tags\" = {}\n\t\t  \"type\" = \"Microsoft.Automation/AutomationAccounts\"\n\t\t}\n\t  ]\n\t}\n\t```\n\n- **Map**: A map where the key is the name for the result and the value is a JMESPath query string to filter the response. Here's an example. If it sets to `{\"values\": \"value[].{name: name, publicNetworkAccess: properties.publicNetworkAccess}\", \"names\": \"value[].name\"}`, it will set the following HCL object to the computed property output.\n\n\t```text\n\t{\n\t\t\"names\" = [\n\t\t\t\"example\",\n\t\t\t\"fredaccount01\",\n\t\t]\n\t\t\"values\" = [\n\t\t\t{\n\t\t\t  \"name\" = \"example\"\n\t\t\t  \"publicNetworkAccess\" = true\n\t\t\t},\n\t\t\t{\n\t\t\t  \"name\" = \"fredaccount01\"\n\t\t\t  \"publicNetworkAccess\" = null\n\t\t\t},\n\t\t]\n\t}\n\t```\n\nTo learn more about JMESPath, visit [JMESPath](https://jmespath.org/).\n","description_kind":"markdown","optional":true},"retry":{"nested_type":{"attributes":{"error_message_regex":{"type":["list","string"],"description":"A list of regular expressions to match against error messages. If any of the regular expressions match, the request will be retried.","description_kind":"markdown","required":true},"interval_seconds":{"type":"number","description":"The base number of seconds to wait between retries. Default is `10`.","description_kind":"markdown","optional":true,"computed":true},"max_interval_seconds":{"type":"number","description":"The maximum number of seconds to wait between retries. Default is `180`.","description_kind":"markdown","optional":true,"computed":true},"multiplier":{"type":"number","description":"The multiplier to apply to the interval between retries. Default is `1.5`.","description_kind":"markdown","deprecated":true,"optional":true,"computed":true},"randomization_factor":{"type":"number","description":"The randomization factor to apply to the interval between retries. The formula for the randomized interval is: `RetryInterval * (random value in range [1 - RandomizationFactor, 1 + RandomizationFactor])`. Therefore set to zero `0.0` for no randomization. Default is `0.5`.","description_kind":"markdown","deprecated":true,"optional":true,"computed":true}},"nesting_mode":"single"},"description":"The retry object supports the following attributes:","description_kind":"markdown","optional":true},"type":{"type":"string","description":"In a format like `\u003cresource-type\u003e@\u003capi-version\u003e`. `\u003cresource-type\u003e` is the Azure resource type, for example, `Microsoft.Storage/storageAccounts`. `\u003capi-version\u003e` is version of the API used to manage this azure resource.","description_kind":"markdown","required":true}},"block_types":{"timeouts":{"nesting_mode":"single","block":{"attributes":{"read":{"type":"string","description":"A string that can be [parsed as a duration](https://pkg.go.dev/time#ParseDuration) consisting of numbers and unit suffixes, such as \"30s\" or \"2h45m\". Valid time units are \"s\" (seconds), \"m\" (minutes), \"h\" (hours). Read operations occur during any refresh or planning operation when refresh is enabled.","description_kind":"plain","optional":true}},"description_kind":"plain"}}},"description":"This data source allows you to list resources of a specific type under a given scope (e.g., subscription, resource group).","description_kind":"markdown"}}}}}}
