{"format_version":"1.0","provider_schemas":{"registry.terraform.io/azure/azapi":{"provider":{"version":0,"block":{"attributes":{"auxiliary_tenant_ids":{"type":["list","string"],"description_kind":"plain","optional":true},"client_certificate_password":{"type":"string","description":"The password associated with the Client Certificate. For use when authenticating as a Service Principal using a Client Certificate","description_kind":"plain","optional":true},"client_certificate_path":{"type":"string","description":"The path to the Client Certificate associated with the Service Principal for use when authenticating as a Service Principal using a Client Certificate.","description_kind":"plain","optional":true},"client_id":{"type":"string","description":"The Client ID which should be used.","description_kind":"plain","optional":true},"client_secret":{"type":"string","description":"The Client Secret which should be used. For use When authenticating as a Service Principal using a Client Secret.","description_kind":"plain","optional":true},"custom_correlation_request_id":{"type":"string","description":"The value of the x-ms-correlation-request-id header (otherwise an auto-generated UUID will be used).","description_kind":"plain","optional":true},"default_location":{"type":"string","description_kind":"plain","optional":true},"default_name":{"type":"string","description_kind":"plain","optional":true},"default_naming_prefix":{"type":"string","description_kind":"plain","deprecated":true,"optional":true},"default_naming_suffix":{"type":"string","description_kind":"plain","deprecated":true,"optional":true},"default_tags":{"type":["map","string"],"description_kind":"plain","optional":true},"disable_correlation_request_id":{"type":"bool","description":"This will disable the x-ms-correlation-request-id header.","description_kind":"plain","optional":true},"disable_terraform_partner_id":{"type":"bool","description":"This will disable the Terraform Partner ID which is used if a custom `partner_id` isn't specified.","description_kind":"plain","optional":true},"environment":{"type":"string","description":"The Cloud Environment which should be used. Possible values are public, usgovernment and china. Defaults to public.","description_kind":"plain","optional":true},"oidc_request_token":{"type":"string","description":"The bearer token for the request to the OIDC provider. For use When authenticating as a Service Principal using OpenID Connect.","description_kind":"plain","optional":true},"oidc_request_url":{"type":"string","description":"The URL for the OIDC provider from which to request an ID token. For use When authenticating as a Service Principal using OpenID Connect.","description_kind":"plain","optional":true},"oidc_token":{"type":"string","description":"The OIDC ID token for use when authenticating as a Service Principal using OpenID Connect.","description_kind":"plain","optional":true},"oidc_token_file_path":{"type":"string","description":"The path to a file containing an OIDC ID token for use when authenticating as a Service Principal using OpenID Connect.","description_kind":"plain","optional":true},"partner_id":{"type":"string","description":"A GUID/UUID that is registered with Microsoft to facilitate partner resource usage attribution.","description_kind":"plain","optional":true},"skip_provider_registration":{"type":"bool","description":"Should the Provider skip registering all of the Resource Providers that it supports, if they're not already registered?","description_kind":"plain","optional":true},"subscription_id":{"type":"string","description":"The Subscription ID which should be used.","description_kind":"plain","optional":true},"tenant_id":{"type":"string","description":"The Tenant ID which should be used.","description_kind":"plain","optional":true},"use_cli":{"type":"bool","description":"Allow Azure CLI to be used for Authentication.","description_kind":"plain","optional":true},"use_msi":{"type":"bool","description":"Allow Managed Service Identity to be used for Authentication.","description_kind":"plain","optional":true},"use_oidc":{"type":"bool","description":"Allow OpenID Connect to be used for authentication","description_kind":"plain","optional":true}},"block_types":{"endpoint":{"nesting_mode":"list","block":{"attributes":{"active_directory_authority_host":{"type":"string","description":"The Active Directory login endpoint which should be used.","description_kind":"plain","optional":true},"resource_manager_audience":{"type":"string","description":"The resource ID to obtain AD tokens for.","description_kind":"plain","optional":true},"resource_manager_endpoint":{"type":"string","description":"The Resource Manager Endpoint which should be used.","description_kind":"plain","optional":true}},"description_kind":"plain"},"max_items":1}},"description_kind":"plain"}},"resource_schemas":{"azapi_data_plane_resource":{"version":0,"block":{"attributes":{"body":{"type":"string","description_kind":"plain","optional":true},"id":{"type":"string","description_kind":"plain","optional":true,"computed":true},"ignore_casing":{"type":"bool","description_kind":"plain","optional":true},"ignore_missing_property":{"type":"bool","description_kind":"plain","optional":true},"locks":{"type":["list","string"],"description_kind":"plain","optional":true},"name":{"type":"string","description_kind":"plain","required":true},"output":{"type":"string","description_kind":"plain","computed":true},"parent_id":{"type":"string","description_kind":"plain","required":true},"response_export_values":{"type":["list","string"],"description_kind":"plain","optional":true},"type":{"type":"string","description_kind":"plain","required":true}},"block_types":{"timeouts":{"nesting_mode":"single","block":{"attributes":{"create":{"type":"string","description_kind":"plain","optional":true},"delete":{"type":"string","description_kind":"plain","optional":true},"read":{"type":"string","description_kind":"plain","optional":true},"update":{"type":"string","description_kind":"plain","optional":true}},"description_kind":"plain"}}},"description_kind":"plain"}},"azapi_resource":{"version":0,"block":{"attributes":{"body":{"type":"string","description_kind":"plain","optional":true},"id":{"type":"string","description_kind":"plain","optional":true,"computed":true},"ignore_body_changes":{"type":["list","string"],"description_kind":"plain","optional":true},"ignore_casing":{"type":"bool","description_kind":"plain","optional":true},"ignore_missing_property":{"type":"bool","description_kind":"plain","optional":true},"location":{"type":"string","description_kind":"plain","optional":true,"computed":true},"locks":{"type":["list","string"],"description_kind":"plain","optional":true},"name":{"type":"string","description_kind":"plain","optional":true,"computed":true},"output":{"type":"string","description_kind":"plain","computed":true},"parent_id":{"type":"string","description_kind":"plain","optional":true,"computed":true},"removing_special_chars":{"type":"bool","description_kind":"plain","deprecated":true,"optional":true},"response_export_values":{"type":["list","string"],"description_kind":"plain","optional":true},"schema_validation_enabled":{"type":"bool","description_kind":"plain","optional":true},"tags":{"type":["map","string"],"description_kind":"plain","optional":true,"computed":true},"type":{"type":"string","description_kind":"plain","required":true}},"block_types":{"identity":{"nesting_mode":"list","block":{"attributes":{"identity_ids":{"type":["list","string"],"description_kind":"plain","optional":true},"principal_id":{"type":"string","description_kind":"plain","computed":true},"tenant_id":{"type":"string","description_kind":"plain","computed":true},"type":{"type":"string","description_kind":"plain","required":true}},"description_kind":"plain"},"max_items":1},"timeouts":{"nesting_mode":"single","block":{"attributes":{"create":{"type":"string","description_kind":"plain","optional":true},"delete":{"type":"string","description_kind":"plain","optional":true},"read":{"type":"string","description_kind":"plain","optional":true},"update":{"type":"string","description_kind":"plain","optional":true}},"description_kind":"plain"}}},"description_kind":"plain"}},"azapi_resource_action":{"version":0,"block":{"attributes":{"action":{"type":"string","description_kind":"plain","optional":true},"body":{"type":"string","description_kind":"plain","optional":true},"id":{"type":"string","description_kind":"plain","optional":true,"computed":true},"locks":{"type":["list","string"],"description_kind":"plain","optional":true},"method":{"type":"string","description_kind":"plain","optional":true},"output":{"type":"string","description_kind":"plain","computed":true},"resource_id":{"type":"string","description_kind":"plain","required":true},"response_export_values":{"type":["list","string"],"description_kind":"plain","optional":true},"type":{"type":"string","description_kind":"plain","required":true},"when":{"type":"string","description":"When to perform the action, value must be one of: 'apply', 'destroy'. Default is 'apply'.","description_kind":"plain","optional":true}},"block_types":{"timeouts":{"nesting_mode":"single","block":{"attributes":{"create":{"type":"string","description_kind":"plain","optional":true},"delete":{"type":"string","description_kind":"plain","optional":true},"read":{"type":"string","description_kind":"plain","optional":true},"update":{"type":"string","description_kind":"plain","optional":true}},"description_kind":"plain"}}},"description_kind":"plain"}},"azapi_update_resource":{"version":0,"block":{"attributes":{"body":{"type":"string","description_kind":"plain","optional":true},"id":{"type":"string","description_kind":"plain","optional":true,"computed":true},"ignore_body_changes":{"type":["list","string"],"description_kind":"plain","optional":true},"ignore_casing":{"type":"bool","description_kind":"plain","optional":true},"ignore_missing_property":{"type":"bool","description_kind":"plain","optional":true},"locks":{"type":["list","string"],"description_kind":"plain","optional":true},"name":{"type":"string","description_kind":"plain","optional":true,"computed":true},"output":{"type":"string","description_kind":"plain","computed":true},"parent_id":{"type":"string","description_kind":"plain","optional":true,"computed":true},"resource_id":{"type":"string","description_kind":"plain","optional":true,"computed":true},"response_export_values":{"type":["list","string"],"description_kind":"plain","optional":true},"type":{"type":"string","description_kind":"plain","required":true}},"block_types":{"timeouts":{"nesting_mode":"single","block":{"attributes":{"create":{"type":"string","description_kind":"plain","optional":true},"delete":{"type":"string","description_kind":"plain","optional":true},"read":{"type":"string","description_kind":"plain","optional":true},"update":{"type":"string","description_kind":"plain","optional":true}},"description_kind":"plain"}}},"description_kind":"plain"}}},"data_source_schemas":{"azapi_resource":{"version":0,"block":{"attributes":{"id":{"type":"string","description_kind":"plain","optional":true,"computed":true},"location":{"type":"string","description_kind":"plain","computed":true},"name":{"type":"string","description_kind":"plain","optional":true},"output":{"type":"string","description_kind":"plain","computed":true},"parent_id":{"type":"string","description_kind":"plain","optional":true,"computed":true},"resource_id":{"type":"string","description_kind":"plain","optional":true},"response_export_values":{"type":["list","string"],"description_kind":"plain","optional":true},"tags":{"type":["map","string"],"description_kind":"plain","computed":true},"type":{"type":"string","description_kind":"plain","required":true}},"block_types":{"identity":{"nesting_mode":"list","block":{"attributes":{"identity_ids":{"type":["list","string"],"description_kind":"plain","computed":true},"principal_id":{"type":"string","description_kind":"plain","computed":true},"tenant_id":{"type":"string","description_kind":"plain","computed":true},"type":{"type":"string","description_kind":"plain","computed":true}},"description_kind":"plain"},"max_items":1},"timeouts":{"nesting_mode":"single","block":{"attributes":{"read":{"type":"string","description_kind":"plain","optional":true}},"description_kind":"plain"}}},"description_kind":"plain"}},"azapi_resource_action":{"version":0,"block":{"attributes":{"action":{"type":"string","description_kind":"plain","optional":true},"body":{"type":"string","description_kind":"plain","optional":true},"id":{"type":"string","description_kind":"plain","optional":true,"computed":true},"method":{"type":"string","description_kind":"plain","optional":true},"output":{"type":"string","description_kind":"plain","computed":true},"resource_id":{"type":"string","description_kind":"plain","optional":true},"response_export_values":{"type":["list","string"],"description_kind":"plain","optional":true},"type":{"type":"string","description_kind":"plain","required":true}},"block_types":{"timeouts":{"nesting_mode":"single","block":{"attributes":{"read":{"type":"string","description_kind":"plain","optional":true}},"description_kind":"plain"}}},"description_kind":"plain"}},"azapi_resource_id":{"version":0,"block":{"attributes":{"id":{"type":"string","description_kind":"plain","optional":true,"computed":true},"name":{"type":"string","description_kind":"plain","optional":true,"computed":true},"parent_id":{"type":"string","description_kind":"plain","optional":true,"computed":true},"parts":{"type":["map","string"],"description_kind":"plain","computed":true},"provider_namespace":{"type":"string","description_kind":"plain","computed":true},"resource_group_name":{"type":"string","description_kind":"plain","computed":true},"resource_id":{"type":"string","description_kind":"plain","optional":true,"computed":true},"subscription_id":{"type":"string","description_kind":"plain","computed":true},"type":{"type":"string","description_kind":"plain","required":true}},"block_types":{"timeouts":{"nesting_mode":"single","block":{"attributes":{"read":{"type":"string","description_kind":"plain","optional":true}},"description_kind":"plain"}}},"description_kind":"plain"}},"azapi_resource_list":{"version":0,"block":{"attributes":{"id":{"type":"string","description_kind":"plain","optional":true,"computed":true},"output":{"type":"string","description_kind":"plain","computed":true},"parent_id":{"type":"string","description_kind":"plain","required":true},"response_export_values":{"type":["list","string"],"description_kind":"plain","optional":true},"type":{"type":"string","description_kind":"plain","required":true}},"block_types":{"timeouts":{"nesting_mode":"single","block":{"attributes":{"read":{"type":"string","description_kind":"plain","optional":true}},"description_kind":"plain"}}},"description_kind":"plain"}}}}}}
